schema: '2.0'
stages:
  featurize:
    cmd: python src/stages/featurize.py
    deps:
    - path: data/raw/Churn_Modelling.csv
      md5: 7321aa9a1e24a9e139f42124f736b415
      size: 684858
    outs:
    - path: data/processed/features.csv
      md5: 79d278ff0d09f72450de4bfb50d9b643
      size: 438977
  data_split:
    cmd: python src/stages/data_split.py
    deps:
    - path: data/processed/features.csv
      md5: 79d278ff0d09f72450de4bfb50d9b643
      size: 438977
    outs:
    - path: data/processed/xest.csv
      md5: c9d19edc95dd83500a374e28ec5f631b
      size: 316957
    - path: data/processed/xtrain.csv
      md5: 2c38619edabefcbfb7bcc174ce79b578
      size: 951150
    - path: data/processed/ytest.csv
      md5: ad51dabd36d993cd53860657a5e81546
      size: 19714
    - path: data/processed/ytrain.csv
      md5: a00341c3dca48d563fe33c20fa9643a7
      size: 59194
