schema: '2.0'
stages:
  featurize:
    cmd: python src/stages/featurize.py
    deps:
    - path: data/raw/Churn_Modelling.csv
      md5: 7321aa9a1e24a9e139f42124f736b415
      size: 684858
    outs:
    - path: data/processed/features.csv
      md5: 79d278ff0d09f72450de4bfb50d9b643
      size: 438977
  data_split:
    cmd: python src/stages/data_split.py
    deps:
    - path: data/processed/features.csv
      md5: 79d278ff0d09f72450de4bfb50d9b643
      size: 438977
    outs:
    - path: data/processed/xest.csv
      md5: b6dbcba7a5d9c7179daae16567dcc358
      size: 381037
    - path: data/processed/xtrain.csv
      md5: 278008c121296f15f75897ef13c4913b
      size: 887070
    - path: data/processed/ytest.csv
      md5: 984a024d7358ee783aebf1c513278509
      size: 23644
    - path: data/processed/ytrain.csv
      md5: e1cbdcf9709e2f212b592191772fbbc7
      size: 55264
  data_load:
    cmd: python src/stages/data_load.py
    deps:
    - path: data/raw/Churn_Modelling.csv
      md5: 7321aa9a1e24a9e139f42124f736b415
      size: 684858
  train:
    cmd: python src/stages/train.py
    deps:
    - path: data/processed/xtrain.csv
      md5: 278008c121296f15f75897ef13c4913b
      size: 887070
    - path: data/processed/ytrain.csv
      md5: e1cbdcf9709e2f212b592191772fbbc7
      size: 55264
    outs:
    - path: models/model.joblib
      md5: f63f6dddbc9cfac2ead62714164cc8a4
      size: 6791
  evaluate:
    cmd: python src/stages/evaluate.py
    deps:
    - path: data/processed/xest.csv
      md5: b6dbcba7a5d9c7179daae16567dcc358
      size: 381037
    - path: data/processed/ytest.csv
      md5: 984a024d7358ee783aebf1c513278509
      size: 23644
    - path: models/model.joblib
      md5: f63f6dddbc9cfac2ead62714164cc8a4
      size: 6791
    outs:
    - path: metrics/confusion_matrix.png
      md5: bfa8af35ea6ae201a2378dca87b6862a
      size: 20413
    - path: metrics/metrics.json
      md5: d257b0fa2331fc560cc4790bc257a42d
      size: 108
  featurze:
    cmd: python src/stages/featurize.py
    deps:
    - path: data/raw/Churn_Modelling.csv
      md5: 7321aa9a1e24a9e139f42124f736b415
      size: 684858
    outs:
    - path: data/processed/features.csv
      md5: 79d278ff0d09f72450de4bfb50d9b643
      size: 438977
